
Microsoft Visual Studio Solution File, Format Version 12.00
# Visual Studio Version 16
VisualStudioVersion = 16.0.29519.181
MinimumVisualStudioVersion = 10.0.40219.1
Project("{FAE04EC0-301F-11D3-BF4B-00C04F79EFBC}") = "MvcMovie", "MvcMovie.csproj", "{4DEC6216-B496-421F-A5EB-89A0AB63FCEF}"
EndProject
Project("{FAE04EC0-301F-11D3-BF4B-00C04F79EFBC}") = "MvcMovie.Tests", "..\MvcMovie.Tests\MvcMovie.Tests.csproj", "{4072F349-14F0-4FE5-A5FC-6EDDD8D4E73F}"
EndProject
Global
	GlobalSection(SolutionConfigurationPlatforms) = preSolution
		Debug|Any CPU = Debug|Any CPU
		Release|Any CPU = Release|Any CPU
	EndGlobalSection
	GlobalSection(ProjectConfigurationPlatforms) = postSolution
		{4DEC6216-B496-421F-A5EB-89A0AB63FCEF}.Debug|Any CPU.ActiveCfg = Debug|Any CPU
		{4DEC6216-B496-421F-A5EB-89A0AB63FCEF}.Debug|Any CPU.Build.0 = Debug|Any CPU
		{4DEC6216-B496-421F-A5EB-89A0AB63FCEF}.Release|Any CPU.ActiveCfg = Release|Any CPU
		{4DEC6216-B496-421F-A5EB-89A0AB63FCEF}.Release|Any CPU.Build.0 = Release|Any CPU
		{4072F349-14F0-4FE5-A5FC-6EDDD8D4E73F}.Debug|Any CPU.ActiveCfg = Debug|Any CPU
		{4072F349-14F0-4FE5-A5FC-6EDDD8D4E73F}.Debug|Any CPU.Build.0 = Debug|Any CPU
		{4072F349-14F0-4FE5-A5FC-6EDDD8D4E73F}.Release|Any CPU.ActiveCfg = Release|Any CPU
		{4072F349-14F0-4FE5-A5FC-6EDDD8D4E73F}.Release|Any CPU.Build.0 = Release|Any CPU
	EndGlobalSection
	GlobalSection(SolutionProperties) = preSolution
		HideSolutionNode = FALSE
	EndGlobalSection
	GlobalSection(ExtensibilityGlobals) = postSolution
		SolutionGuid = {5AE24DE0-72FE-4568-A31E-2C82200B5856}
	EndGlobalSection
EndGlobal
